
Microsoft Visual Studio Solution File, Format Version 12.00
# Visual Studio Version 17
VisualStudioVersion = 17.0.32112.339
MinimumVisualStudioVersion = 10.0.40219.1
Project("{FAE04EC0-301F-11D3-BF4B-00C04F79EFBC}") = "Lab2", "Lab2\Lab2.csproj", "{A65D2A73-7880-4EEB-8EEE-FA61F4423F6F}"
EndProject
Global
	GlobalSection(SolutionConfigurationPlatforms) = preSolution
		Debug|Any CPU = Debug|Any CPU
		Release|Any CPU = Release|Any CPU
	EndGlobalSection
	GlobalSection(ProjectConfigurationPlatforms) = postSolution
		{A65D2A73-7880-4EEB-8EEE-FA61F4423F6F}.Debug|Any CPU.ActiveCfg = Debug|Any CPU
		{A65D2A73-7880-4EEB-8EEE-FA61F4423F6F}.Debug|Any CPU.Build.0 = Debug|Any CPU
		{A65D2A73-7880-4EEB-8EEE-FA61F4423F6F}.Release|Any CPU.ActiveCfg = Release|Any CPU
		{A65D2A73-7880-4EEB-8EEE-FA61F4423F6F}.Release|Any CPU.Build.0 = Release|Any CPU
	EndGlobalSection
	GlobalSection(SolutionProperties) = preSolution
		HideSolutionNode = FALSE
	EndGlobalSection
	GlobalSection(ExtensibilityGlobals) = postSolution
		SolutionGuid = {BA59AB19-86B8-4C1F-93A7-C2E104A22285}
	EndGlobalSection
EndGlobal
